
Microsoft Visual Studio Solution File, Format Version 12.00
# Visual Studio Version 17
VisualStudioVersion = 17.14.36518.9 d17.14
MinimumVisualStudioVersion = 10.0.40219.1
Project("{FAE04EC0-301F-11D3-BF4B-00C04F79EFBC}") = "BaiThucHanhBuoi1", "BaiThucHanhBuoi1\BaiThucHanhBuoi1.csproj", "{2A34D3D3-9801-4536-84B4-6A46452B30CC}"
EndProject
Project("{FAE04EC0-301F-11D3-BF4B-00C04F79EFBC}") = "Bai2", "Bai2\Bai2.csproj", "{6BE07F7B-2DA7-4B01-B20D-9E426FE53CD0}"
EndProject
Project("{FAE04EC0-301F-11D3-BF4B-00C04F79EFBC}") = "BaiTapThietKeForm", "BaiTapThietKeForm\BaiTapThietKeForm.csproj", "{E46AA679-D4B2-46AF-969C-3FBFA92AD4FA}"
EndProject
Project("{FAE04EC0-301F-11D3-BF4B-00C04F79EFBC}") = "BaiTapWindowForm", "..\..\..\..\..\LẬP TRÌNH DESKTOP\BaiThucHanhBuoi1\BaiTapWindowForm\BaiTapWindowForm.csproj", "{9238F77F-7185-4686-B2E4-145FAB5A0902}"
EndProject
Project("{FAE04EC0-301F-11D3-BF4B-00C04F79EFBC}") = "BaiTap2WindowForm", "..\..\..\..\..\LẬP TRÌNH DESKTOP\BaiThucHanhBuoi1\BaiTap2WindowForm\BaiTap2WindowForm.csproj", "{C74C25C5-C71C-4956-B7AC-B298A04772BC}"
EndProject
Global
	GlobalSection(SolutionConfigurationPlatforms) = preSolution
		Debug|Any CPU = Debug|Any CPU
		Release|Any CPU = Release|Any CPU
	EndGlobalSection
	GlobalSection(ProjectConfigurationPlatforms) = postSolution
		{2A34D3D3-9801-4536-84B4-6A46452B30CC}.Debug|Any CPU.ActiveCfg = Debug|Any CPU
		{2A34D3D3-9801-4536-84B4-6A46452B30CC}.Debug|Any CPU.Build.0 = Debug|Any CPU
		{2A34D3D3-9801-4536-84B4-6A46452B30CC}.Release|Any CPU.ActiveCfg = Release|Any CPU
		{2A34D3D3-9801-4536-84B4-6A46452B30CC}.Release|Any CPU.Build.0 = Release|Any CPU
		{6BE07F7B-2DA7-4B01-B20D-9E426FE53CD0}.Debug|Any CPU.ActiveCfg = Debug|Any CPU
		{6BE07F7B-2DA7-4B01-B20D-9E426FE53CD0}.Debug|Any CPU.Build.0 = Debug|Any CPU
		{6BE07F7B-2DA7-4B01-B20D-9E426FE53CD0}.Release|Any CPU.ActiveCfg = Release|Any CPU
		{6BE07F7B-2DA7-4B01-B20D-9E426FE53CD0}.Release|Any CPU.Build.0 = Release|Any CPU
		{E46AA679-D4B2-46AF-969C-3FBFA92AD4FA}.Debug|Any CPU.ActiveCfg = Debug|Any CPU
		{E46AA679-D4B2-46AF-969C-3FBFA92AD4FA}.Debug|Any CPU.Build.0 = Debug|Any CPU
		{E46AA679-D4B2-46AF-969C-3FBFA92AD4FA}.Release|Any CPU.ActiveCfg = Release|Any CPU
		{E46AA679-D4B2-46AF-969C-3FBFA92AD4FA}.Release|Any CPU.Build.0 = Release|Any CPU
		{9238F77F-7185-4686-B2E4-145FAB5A0902}.Debug|Any CPU.ActiveCfg = Debug|Any CPU
		{9238F77F-7185-4686-B2E4-145FAB5A0902}.Debug|Any CPU.Build.0 = Debug|Any CPU
		{9238F77F-7185-4686-B2E4-145FAB5A0902}.Release|Any CPU.ActiveCfg = Release|Any CPU
		{9238F77F-7185-4686-B2E4-145FAB5A0902}.Release|Any CPU.Build.0 = Release|Any CPU
		{C74C25C5-C71C-4956-B7AC-B298A04772BC}.Debug|Any CPU.ActiveCfg = Debug|Any CPU
		{C74C25C5-C71C-4956-B7AC-B298A04772BC}.Debug|Any CPU.Build.0 = Debug|Any CPU
		{C74C25C5-C71C-4956-B7AC-B298A04772BC}.Release|Any CPU.ActiveCfg = Release|Any CPU
		{C74C25C5-C71C-4956-B7AC-B298A04772BC}.Release|Any CPU.Build.0 = Release|Any CPU
	EndGlobalSection
	GlobalSection(SolutionProperties) = preSolution
		HideSolutionNode = FALSE
	EndGlobalSection
	GlobalSection(ExtensibilityGlobals) = postSolution
		SolutionGuid = {33928C83-9F52-41A3-914D-6D70CD2B1BE8}
	EndGlobalSection
EndGlobal
